// !$*UTF8*$!
{
	archiveVersion = 1;
	classes = {
	};
	objectVersion = 52;
	objects = {

/* Begin PBXBuildFile section */
		167AE07B5C4A67535C295F53 /* Pods_FriendsFM.framework in Frameworks */ = {isa = PBXBuildFile; fileRef = 23F7C6A9EF1E466ED153EC68 /* Pods_FriendsFM.framework */; };
		2FAD9763203C412B000D30F8 /* config.xml in Resources */ = {isa = PBXBuildFile; fileRef = 2FAD9762203C412B000D30F8 /* config.xml */; };
		50379B232058CBB4000EE86E /* capacitor.config.json in Resources */ = {isa = PBXBuildFile; fileRef = 50379B222058CBB4000EE86E /* capacitor.config.json */; };
		504EC3081FED79650016851F /* AppDelegate.swift in Sources */ = {isa = PBXBuildFile; fileRef = 504EC3071FED79650016851F /* AppDelegate.swift */; };
		504EC30D1FED79650016851F /* Main.storyboard in Resources */ = {isa = PBXBuildFile; fileRef = 504EC30B1FED79650016851F /* Main.storyboard */; };
		504EC30F1FED79650016851F /* Assets.xcassets in Resources */ = {isa = PBXBuildFile; fileRef = 504EC30E1FED79650016851F /* Assets.xcassets */; };
		504EC3121FED79650016851F /* LaunchScreen.storyboard in Resources */ = {isa = PBXBuildFile; fileRef = 504EC3101FED79650016851F /* LaunchScreen.storyboard */; };
		50B271D11FEDC1A000F3C39B /* public in Resources */ = {isa = PBXBuildFile; fileRef = 50B271D01FEDC1A000F3C39B /* public */; };
		AC42C85729BFE16100902F1B /* OSLogger.m in Sources */ = {isa = PBXBuildFile; fileRef = AC42C85629BFE16100902F1B /* OSLogger.m */; };
		AC42C85929BFE17500902F1B /* OSLogger.swift in Sources */ = {isa = PBXBuildFile; fileRef = AC42C85829BFE17500902F1B /* OSLogger.swift */; };
		AC42C85B29CF66C400902F1B /* AppleMusic.swift in Sources */ = {isa = PBXBuildFile; fileRef = AC42C85A29CF66C400902F1B /* AppleMusic.swift */; };
		AC42C85F29CF6ACB00902F1B /* AppleMusic.m in Sources */ = {isa = PBXBuildFile; fileRef = AC42C85E29CF6ACB00902F1B /* AppleMusic.m */; };
		ACA0E7C52990EB3400B47C81 /* GoogleService-Info.plist in Resources */ = {isa = PBXBuildFile; fileRef = ACA0E7C42990EB3400B47C81 /* GoogleService-Info.plist */; };
		ACF1F42A2A687B0A009AC3A9 /* FirebaseAnalytics in Frameworks */ = {isa = PBXBuildFile; productRef = ACF1F4292A687B0A009AC3A9 /* FirebaseAnalytics */; };
		ACF1F42C2A687B0A009AC3A9 /* FirebaseAnalyticsOnDeviceConversion in Frameworks */ = {isa = PBXBuildFile; productRef = ACF1F42B2A687B0A009AC3A9 /* FirebaseAnalyticsOnDeviceConversion */; };
		ACF1F42E2A687B0A009AC3A9 /* FirebaseAnalyticsSwift in Frameworks */ = {isa = PBXBuildFile; productRef = ACF1F42D2A687B0A009AC3A9 /* FirebaseAnalyticsSwift */; };
		ACF1F4302A687B0A009AC3A9 /* FirebaseAnalyticsWithoutAdIdSupport in Frameworks */ = {isa = PBXBuildFile; productRef = ACF1F42F2A687B0A009AC3A9 /* FirebaseAnalyticsWithoutAdIdSupport */; };
		ACF1F4322A687B0A009AC3A9 /* FirebaseAppCheck in Frameworks */ = {isa = PBXBuildFile; productRef = ACF1F4312A687B0A009AC3A9 /* FirebaseAppCheck */; };
		ACF1F4342A687B0A009AC3A9 /* FirebaseAppDistribution-Beta in Frameworks */ = {isa = PBXBuildFile; productRef = ACF1F4332A687B0A009AC3A9 /* FirebaseAppDistribution-Beta */; };
		ACF1F4362A687B0A009AC3A9 /* FirebaseAuth in Frameworks */ = {isa = PBXBuildFile; productRef = ACF1F4352A687B0A009AC3A9 /* FirebaseAuth */; };
		ACF1F4382A687B0A009AC3A9 /* FirebaseAuthCombine-Community in Frameworks */ = {isa = PBXBuildFile; productRef = ACF1F4372A687B0A009AC3A9 /* FirebaseAuthCombine-Community */; };
		ACF1F43A2A687B0A009AC3A9 /* FirebaseCrashlytics in Frameworks */ = {isa = PBXBuildFile; productRef = ACF1F4392A687B0A009AC3A9 /* FirebaseCrashlytics */; };
		ACF1F43C2A687B0A009AC3A9 /* FirebaseDatabase in Frameworks */ = {isa = PBXBuildFile; productRef = ACF1F43B2A687B0A009AC3A9 /* FirebaseDatabase */; };
		ACF1F43E2A687B0A009AC3A9 /* FirebaseDatabaseSwift in Frameworks */ = {isa = PBXBuildFile; productRef = ACF1F43D2A687B0A009AC3A9 /* FirebaseDatabaseSwift */; };
		ACF1F4402A687B0A009AC3A9 /* FirebaseDynamicLinks in Frameworks */ = {isa = PBXBuildFile; productRef = ACF1F43F2A687B0A009AC3A9 /* FirebaseDynamicLinks */; };
		ACF1F4422A687B0A009AC3A9 /* FirebaseFirestore in Frameworks */ = {isa = PBXBuildFile; productRef = ACF1F4412A687B0A009AC3A9 /* FirebaseFirestore */; };
		ACF1F4442A687B0A009AC3A9 /* FirebaseFirestoreCombine-Community in Frameworks */ = {isa = PBXBuildFile; productRef = ACF1F4432A687B0A009AC3A9 /* FirebaseFirestoreCombine-Community */; };
		ACF1F4462A687B0A009AC3A9 /* FirebaseFirestoreSwift in Frameworks */ = {isa = PBXBuildFile; productRef = ACF1F4452A687B0A009AC3A9 /* FirebaseFirestoreSwift */; };
		ACF1F4482A687B0A009AC3A9 /* FirebaseFunctions in Frameworks */ = {isa = PBXBuildFile; productRef = ACF1F4472A687B0A009AC3A9 /* FirebaseFunctions */; };
		ACF1F44A2A687B0A009AC3A9 /* FirebaseFunctionsCombine-Community in Frameworks */ = {isa = PBXBuildFile; productRef = ACF1F4492A687B0A009AC3A9 /* FirebaseFunctionsCombine-Community */; };
		ACF1F44C2A687B0A009AC3A9 /* FirebaseInAppMessaging-Beta in Frameworks */ = {isa = PBXBuildFile; productRef = ACF1F44B2A687B0A009AC3A9 /* FirebaseInAppMessaging-Beta */; };
		ACF1F44E2A687B0A009AC3A9 /* FirebaseInAppMessagingSwift-Beta in Frameworks */ = {isa = PBXBuildFile; productRef = ACF1F44D2A687B0A009AC3A9 /* FirebaseInAppMessagingSwift-Beta */; };
		ACF1F4502A687B0A009AC3A9 /* FirebaseInstallations in Frameworks */ = {isa = PBXBuildFile; productRef = ACF1F44F2A687B0A009AC3A9 /* FirebaseInstallations */; };
		ACF1F4522A687B0A009AC3A9 /* FirebaseMLModelDownloader in Frameworks */ = {isa = PBXBuildFile; productRef = ACF1F4512A687B0A009AC3A9 /* FirebaseMLModelDownloader */; };
		ACF1F4542A687B0A009AC3A9 /* FirebaseMessaging in Frameworks */ = {isa = PBXBuildFile; productRef = ACF1F4532A687B0A009AC3A9 /* FirebaseMessaging */; };
		ACF1F4562A687B0A009AC3A9 /* FirebasePerformance in Frameworks */ = {isa = PBXBuildFile; productRef = ACF1F4552A687B0A009AC3A9 /* FirebasePerformance */; };
		ACF1F4582A687B0A009AC3A9 /* FirebaseRemoteConfig in Frameworks */ = {isa = PBXBuildFile; productRef = ACF1F4572A687B0A009AC3A9 /* FirebaseRemoteConfig */; };
		ACF1F45A2A687B0A009AC3A9 /* FirebaseRemoteConfigSwift in Frameworks */ = {isa = PBXBuildFile; productRef = ACF1F4592A687B0A009AC3A9 /* FirebaseRemoteConfigSwift */; };
		ACF1F45C2A687B0A009AC3A9 /* FirebaseStorage in Frameworks */ = {isa = PBXBuildFile; productRef = ACF1F45B2A687B0A009AC3A9 /* FirebaseStorage */; };
		ACF1F45E2A687B0A009AC3A9 /* FirebaseStorageCombine-Community in Frameworks */ = {isa = PBXBuildFile; productRef = ACF1F45D2A687B0A009AC3A9 /* FirebaseStorageCombine-Community */; };
/* End PBXBuildFile section */

/* Begin PBXFileReference section */
		23F7C6A9EF1E466ED153EC68 /* Pods_FriendsFM.framework */ = {isa = PBXFileReference; explicitFileType = wrapper.framework; includeInIndex = 0; path = Pods_FriendsFM.framework; sourceTree = BUILT_PRODUCTS_DIR; };
		2FAD9762203C412B000D30F8 /* config.xml */ = {isa = PBXFileReference; lastKnownFileType = text.xml; path = config.xml; sourceTree = "<group>"; };
		50379B222058CBB4000EE86E /* capacitor.config.json */ = {isa = PBXFileReference; fileEncoding = 4; lastKnownFileType = text.json; path = capacitor.config.json; sourceTree = "<group>"; };
		504EC3041FED79650016851F /* FriendsFM.app */ = {isa = PBXFileReference; explicitFileType = wrapper.application; includeInIndex = 0; path = FriendsFM.app; sourceTree = BUILT_PRODUCTS_DIR; };
		504EC3071FED79650016851F /* AppDelegate.swift */ = {isa = PBXFileReference; lastKnownFileType = sourcecode.swift; path = AppDelegate.swift; sourceTree = "<group>"; };
		504EC30C1FED79650016851F /* Base */ = {isa = PBXFileReference; lastKnownFileType = file.storyboard; name = Base; path = Base.lproj/Main.storyboard; sourceTree = "<group>"; };
		504EC30E1FED79650016851F /* Assets.xcassets */ = {isa = PBXFileReference; lastKnownFileType = folder.assetcatalog; path = Assets.xcassets; sourceTree = "<group>"; };
		504EC3111FED79650016851F /* Base */ = {isa = PBXFileReference; lastKnownFileType = file.storyboard; name = Base; path = Base.lproj/LaunchScreen.storyboard; sourceTree = "<group>"; };
		504EC3131FED79650016851F /* Info.plist */ = {isa = PBXFileReference; lastKnownFileType = text.plist.xml; path = Info.plist; sourceTree = "<group>"; };
		50B271D01FEDC1A000F3C39B /* public */ = {isa = PBXFileReference; lastKnownFileType = folder; path = public; sourceTree = "<group>"; };
		AC42C85529BFE16000902F1B /* FriendsFM-Bridging-Header.h */ = {isa = PBXFileReference; lastKnownFileType = sourcecode.c.h; path = "FriendsFM-Bridging-Header.h"; sourceTree = "<group>"; };
		AC42C85629BFE16100902F1B /* OSLogger.m */ = {isa = PBXFileReference; lastKnownFileType = sourcecode.c.objc; path = OSLogger.m; sourceTree = "<group>"; };
		AC42C85829BFE17500902F1B /* OSLogger.swift */ = {isa = PBXFileReference; lastKnownFileType = sourcecode.swift; path = OSLogger.swift; sourceTree = "<group>"; };
		AC42C85A29CF66C400902F1B /* AppleMusic.swift */ = {isa = PBXFileReference; lastKnownFileType = sourcecode.swift; path = AppleMusic.swift; sourceTree = "<group>"; };
		AC42C85E29CF6ACB00902F1B /* AppleMusic.m */ = {isa = PBXFileReference; lastKnownFileType = sourcecode.c.objc; path = AppleMusic.m; sourceTree = "<group>"; };
		ACA0E7C42990EB3400B47C81 /* GoogleService-Info.plist */ = {isa = PBXFileReference; fileEncoding = 4; lastKnownFileType = text.plist.xml; path = "GoogleService-Info.plist"; sourceTree = "<group>"; };
		ACA0E7C72990ECC100B47C81 /* App.entitlements */ = {isa = PBXFileReference; lastKnownFileType = text.plist.entitlements; path = App.entitlements; sourceTree = "<group>"; };
		AF51FD2D460BCFE21FA515B2 /* Pods-App.release.xcconfig */ = {isa = PBXFileReference; includeInIndex = 1; lastKnownFileType = text.xcconfig; name = "Pods-App.release.xcconfig"; path = "Pods/Target Support Files/Pods-App/Pods-App.release.xcconfig"; sourceTree = "<group>"; };
		EAB817ED6E6DF2FE3FE62D41 /* Pods-FriendsFM.debug.xcconfig */ = {isa = PBXFileReference; includeInIndex = 1; lastKnownFileType = text.xcconfig; name = "Pods-FriendsFM.debug.xcconfig"; path = "Pods/Target Support Files/Pods-FriendsFM/Pods-FriendsFM.debug.xcconfig"; sourceTree = "<group>"; };
		EC8053EE096359D92D45450A /* Pods-FriendsFM.release.xcconfig */ = {isa = PBXFileReference; includeInIndex = 1; lastKnownFileType = text.xcconfig; name = "Pods-FriendsFM.release.xcconfig"; path = "Pods/Target Support Files/Pods-FriendsFM/Pods-FriendsFM.release.xcconfig"; sourceTree = "<group>"; };
		FC68EB0AF532CFC21C3344DD /* Pods-App.debug.xcconfig */ = {isa = PBXFileReference; includeInIndex = 1; lastKnownFileType = text.xcconfig; name = "Pods-App.debug.xcconfig"; path = "Pods/Target Support Files/Pods-App/Pods-App.debug.xcconfig"; sourceTree = "<group>"; };
/* End PBXFileReference section */

/* Begin PBXFrameworksBuildPhase section */
		504EC3011FED79650016851F /* Frameworks */ = {
			isa = PBXFrameworksBuildPhase;
			buildActionMask = 2147483647;
			files = (
				ACF1F4482A687B0A009AC3A9 /* FirebaseFunctions in Frameworks */,
				ACF1F43E2A687B0A009AC3A9 /* FirebaseDatabaseSwift in Frameworks */,
				ACF1F44E2A687B0A009AC3A9 /* FirebaseInAppMessagingSwift-Beta in Frameworks */,
				ACF1F4542A687B0A009AC3A9 /* FirebaseMessaging in Frameworks */,
				ACF1F4342A687B0A009AC3A9 /* FirebaseAppDistribution-Beta in Frameworks */,
				ACF1F4382A687B0A009AC3A9 /* FirebaseAuthCombine-Community in Frameworks */,
				ACF1F4442A687B0A009AC3A9 /* FirebaseFirestoreCombine-Community in Frameworks */,
				ACF1F42E2A687B0A009AC3A9 /* FirebaseAnalyticsSwift in Frameworks */,
				ACF1F4522A687B0A009AC3A9 /* FirebaseMLModelDownloader in Frameworks */,
				ACF1F4302A687B0A009AC3A9 /* FirebaseAnalyticsWithoutAdIdSupport in Frameworks */,
				ACF1F42A2A687B0A009AC3A9 /* FirebaseAnalytics in Frameworks */,
				ACF1F4462A687B0A009AC3A9 /* FirebaseFirestoreSwift in Frameworks */,
				ACF1F42C2A687B0A009AC3A9 /* FirebaseAnalyticsOnDeviceConversion in Frameworks */,
				ACF1F4322A687B0A009AC3A9 /* FirebaseAppCheck in Frameworks */,
				ACF1F4562A687B0A009AC3A9 /* FirebasePerformance in Frameworks */,
				ACF1F44C2A687B0A009AC3A9 /* FirebaseInAppMessaging-Beta in Frameworks */,
				ACF1F44A2A687B0A009AC3A9 /* FirebaseFunctionsCombine-Community in Frameworks */,
				ACF1F43A2A687B0A009AC3A9 /* FirebaseCrashlytics in Frameworks */,
				ACF1F4502A687B0A009AC3A9 /* FirebaseInstallations in Frameworks */,
				ACF1F4582A687B0A009AC3A9 /* FirebaseRemoteConfig in Frameworks */,
				ACF1F45C2A687B0A009AC3A9 /* FirebaseStorage in Frameworks */,
				ACF1F43C2A687B0A009AC3A9 /* FirebaseDatabase in Frameworks */,
				ACF1F45E2A687B0A009AC3A9 /* FirebaseStorageCombine-Community in Frameworks */,
				167AE07B5C4A67535C295F53 /* Pods_FriendsFM.framework in Frameworks */,
				ACF1F4362A687B0A009AC3A9 /* FirebaseAuth in Frameworks */,
				ACF1F4402A687B0A009AC3A9 /* FirebaseDynamicLinks in Frameworks */,
				ACF1F4422A687B0A009AC3A9 /* FirebaseFirestore in Frameworks */,
				ACF1F45A2A687B0A009AC3A9 /* FirebaseRemoteConfigSwift in Frameworks */,
			);
			runOnlyForDeploymentPostprocessing = 0;
		};
/* End PBXFrameworksBuildPhase section */

/* Begin PBXGroup section */
		27E2DDA53C4D2A4D1A88CE4A /* Frameworks */ = {
			isa = PBXGroup;
			children = (
				23F7C6A9EF1E466ED153EC68 /* Pods_FriendsFM.framework */,
			);
			name = Frameworks;
			sourceTree = "<group>";
		};
		504EC2FB1FED79650016851F = {
			isa = PBXGroup;
			children = (
				504EC3061FED79650016851F /* App */,
				504EC3051FED79650016851F /* Products */,
				7F8756D8B27F46E3366F6CEA /* Pods */,
				27E2DDA53C4D2A4D1A88CE4A /* Frameworks */,
			);
			sourceTree = "<group>";
		};
		504EC3051FED79650016851F /* Products */ = {
			isa = PBXGroup;
			children = (
				504EC3041FED79650016851F /* FriendsFM.app */,
			);
			name = Products;
			sourceTree = "<group>";
		};
		504EC3061FED79650016851F /* App */ = {
			isa = PBXGroup;
			children = (
				ACA0E7C72990ECC100B47C81 /* App.entitlements */,
				50379B222058CBB4000EE86E /* capacitor.config.json */,
				504EC3071FED79650016851F /* AppDelegate.swift */,
				504EC30B1FED79650016851F /* Main.storyboard */,
				504EC30E1FED79650016851F /* Assets.xcassets */,
				504EC3101FED79650016851F /* LaunchScreen.storyboard */,
				ACA0E7C42990EB3400B47C81 /* GoogleService-Info.plist */,
				504EC3131FED79650016851F /* Info.plist */,
				2FAD9762203C412B000D30F8 /* config.xml */,
				50B271D01FEDC1A000F3C39B /* public */,
				AC42C85629BFE16100902F1B /* OSLogger.m */,
				AC42C85529BFE16000902F1B /* FriendsFM-Bridging-Header.h */,
				AC42C85E29CF6ACB00902F1B /* AppleMusic.m */,
				AC42C85829BFE17500902F1B /* OSLogger.swift */,
				AC42C85A29CF66C400902F1B /* AppleMusic.swift */,
			);
			path = App;
			sourceTree = "<group>";
		};
		7F8756D8B27F46E3366F6CEA /* Pods */ = {
			isa = PBXGroup;
			children = (
				FC68EB0AF532CFC21C3344DD /* Pods-App.debug.xcconfig */,
				AF51FD2D460BCFE21FA515B2 /* Pods-App.release.xcconfig */,
				EAB817ED6E6DF2FE3FE62D41 /* Pods-FriendsFM.debug.xcconfig */,
				EC8053EE096359D92D45450A /* Pods-FriendsFM.release.xcconfig */,
			);
			name = Pods;
			sourceTree = "<group>";
		};
/* End PBXGroup section */

/* Begin PBXNativeTarget section */
		504EC3031FED79650016851F /* FriendsFM */ = {
			isa = PBXNativeTarget;
			buildConfigurationList = 504EC3161FED79650016851F /* Build configuration list for PBXNativeTarget "FriendsFM" */;
			buildPhases = (
				6634F4EFEBD30273BCE97C65 /* [CP] Check Pods Manifest.lock */,
				504EC3001FED79650016851F /* Sources */,
				504EC3011FED79650016851F /* Frameworks */,
				504EC3021FED79650016851F /* Resources */,
				9592DBEFFC6D2A0C8D5DEB22 /* [CP] Embed Pods Frameworks */,
				ACA0E7C62990EB6900B47C81 /* ShellScript */,
			);
			buildRules = (
			);
			dependencies = (
			);
			name = FriendsFM;
			packageProductDependencies = (
				ACF1F4292A687B0A009AC3A9 /* FirebaseAnalytics */,
				ACF1F42B2A687B0A009AC3A9 /* FirebaseAnalyticsOnDeviceConversion */,
				ACF1F42D2A687B0A009AC3A9 /* FirebaseAnalyticsSwift */,
				ACF1F42F2A687B0A009AC3A9 /* FirebaseAnalyticsWithoutAdIdSupport */,
				ACF1F4312A687B0A009AC3A9 /* FirebaseAppCheck */,
				ACF1F4332A687B0A009AC3A9 /* FirebaseAppDistribution-Beta */,
				ACF1F4352A687B0A009AC3A9 /* FirebaseAuth */,
				ACF1F4372A687B0A009AC3A9 /* FirebaseAuthCombine-Community */,
				ACF1F4392A687B0A009AC3A9 /* FirebaseCrashlytics */,
				ACF1F43B2A687B0A009AC3A9 /* FirebaseDatabase */,
				ACF1F43D2A687B0A009AC3A9 /* FirebaseDatabaseSwift */,
				ACF1F43F2A687B0A009AC3A9 /* FirebaseDynamicLinks */,
				ACF1F4412A687B0A009AC3A9 /* FirebaseFirestore */,
				ACF1F4432A687B0A009AC3A9 /* FirebaseFirestoreCombine-Community */,
				ACF1F4452A687B0A009AC3A9 /* FirebaseFirestoreSwift */,
				ACF1F4472A687B0A009AC3A9 /* FirebaseFunctions */,
				ACF1F4492A687B0A009AC3A9 /* FirebaseFunctionsCombine-Community */,
				ACF1F44B2A687B0A009AC3A9 /* FirebaseInAppMessaging-Beta */,
				ACF1F44D2A687B0A009AC3A9 /* FirebaseInAppMessagingSwift-Beta */,
				ACF1F44F2A687B0A009AC3A9 /* FirebaseInstallations */,
				ACF1F4512A687B0A009AC3A9 /* FirebaseMLModelDownloader */,
				ACF1F4532A687B0A009AC3A9 /* FirebaseMessaging */,
				ACF1F4552A687B0A009AC3A9 /* FirebasePerformance */,
				ACF1F4572A687B0A009AC3A9 /* FirebaseRemoteConfig */,
				ACF1F4592A687B0A009AC3A9 /* FirebaseRemoteConfigSwift */,
				ACF1F45B2A687B0A009AC3A9 /* FirebaseStorage */,
				ACF1F45D2A687B0A009AC3A9 /* FirebaseStorageCombine-Community */,
			);
			productName = App;
			productReference = 504EC3041FED79650016851F /* FriendsFM.app */;
			productType = "com.apple.product-type.application";
		};
/* End PBXNativeTarget section */

/* Begin PBXProject section */
		504EC2FC1FED79650016851F /* Project object */ = {
			isa = PBXProject;
			attributes = {
				LastSwiftUpdateCheck = 920;
				LastUpgradeCheck = 920;
				TargetAttributes = {
					504EC3031FED79650016851F = {
						CreatedOnToolsVersion = 9.2;
						LastSwiftMigration = 1420;
						ProvisioningStyle = Automatic;
					};
				};
			};
			buildConfigurationList = 504EC2FF1FED79650016851F /* Build configuration list for PBXProject "App" */;
			compatibilityVersion = "Xcode 8.0";
			developmentRegion = en;
			hasScannedForEncodings = 0;
			knownRegions = (
				en,
				Base,
			);
			mainGroup = 504EC2FB1FED79650016851F;
			packageReferences = (
				ACF1F4282A687B0A009AC3A9 /* XCRemoteSwiftPackageReference "firebase-ios-sdk" */,
			);
			productRefGroup = 504EC3051FED79650016851F /* Products */;
			projectDirPath = "";
			projectRoot = "";
			targets = (
				504EC3031FED79650016851F /* FriendsFM */,
			);
		};
/* End PBXProject section */

/* Begin PBXResourcesBuildPhase section */
		504EC3021FED79650016851F /* Resources */ = {
			isa = PBXResourcesBuildPhase;
			buildActionMask = 2147483647;
			files = (
				504EC3121FED79650016851F /* LaunchScreen.storyboard in Resources */,
				50B271D11FEDC1A000F3C39B /* public in Resources */,
				504EC30F1FED79650016851F /* Assets.xcassets in Resources */,
				50379B232058CBB4000EE86E /* capacitor.config.json in Resources */,
				504EC30D1FED79650016851F /* Main.storyboard in Resources */,
				2FAD9763203C412B000D30F8 /* config.xml in Resources */,
				ACA0E7C52990EB3400B47C81 /* GoogleService-Info.plist in Resources */,
			);
			runOnlyForDeploymentPostprocessing = 0;
		};
/* End PBXResourcesBuildPhase section */

/* Begin PBXShellScriptBuildPhase section */
		6634F4EFEBD30273BCE97C65 /* [CP] Check Pods Manifest.lock */ = {
			isa = PBXShellScriptBuildPhase;
			buildActionMask = 2147483647;
			files = (
			);
			inputPaths = (
				"${PODS_PODFILE_DIR_PATH}/Podfile.lock",
				"${PODS_ROOT}/Manifest.lock",
			);
			name = "[CP] Check Pods Manifest.lock";
			outputPaths = (
				"$(DERIVED_FILE_DIR)/Pods-FriendsFM-checkManifestLockResult.txt",
			);
			runOnlyForDeploymentPostprocessing = 0;
			shellPath = /bin/sh;
			shellScript = "diff \"${PODS_PODFILE_DIR_PATH}/Podfile.lock\" \"${PODS_ROOT}/Manifest.lock\" > /dev/null\nif [ $? != 0 ] ; then\n    # print error to STDERR\n    echo \"error: The sandbox is not in sync with the Podfile.lock. Run 'pod install' or update your CocoaPods installation.\" >&2\n    exit 1\nfi\n# This output is used by Xcode 'outputs' to avoid re-running this script phase.\necho \"SUCCESS\" > \"${SCRIPT_OUTPUT_FILE_0}\"\n";
			showEnvVarsInLog = 0;
		};
		9592DBEFFC6D2A0C8D5DEB22 /* [CP] Embed Pods Frameworks */ = {
			isa = PBXShellScriptBuildPhase;
			buildActionMask = 2147483647;
			files = (
			);
			inputPaths = (
			);
			name = "[CP] Embed Pods Frameworks";
			outputPaths = (
			);
			runOnlyForDeploymentPostprocessing = 0;
			shellPath = /bin/sh;
			shellScript = "\"${PODS_ROOT}/Target Support Files/Pods-FriendsFM/Pods-FriendsFM-frameworks.sh\"\n";
			showEnvVarsInLog = 0;
		};
		ACA0E7C62990EB6900B47C81 /* ShellScript */ = {
			isa = PBXShellScriptBuildPhase;
			buildActionMask = 2147483647;
			files = (
			);
			inputFileListPaths = (
			);
			inputPaths = (
				"${DWARF_DSYM_FOLDER_PATH}/${DWARF_DSYM_FILE_NAME}/Contents/Resources/DWARF/${TARGET_NAME}",
				"$(SRCROOT)/$(BUILT_PRODUCTS_DIR)/$(INFOPLIST_PATH)\n",
			);
			outputFileListPaths = (
			);
			outputPaths = (
			);
			runOnlyForDeploymentPostprocessing = 0;
			shellPath = /bin/sh;
			shellScript = "\"${PODS_ROOT}/FirebaseCrashlytics/run\"\n";
		};
/* End PBXShellScriptBuildPhase section */

/* Begin PBXSourcesBuildPhase section */
		504EC3001FED79650016851F /* Sources */ = {
			isa = PBXSourcesBuildPhase;
			buildActionMask = 2147483647;
			files = (
				AC42C85729BFE16100902F1B /* OSLogger.m in Sources */,
				AC42C85F29CF6ACB00902F1B /* AppleMusic.m in Sources */,
				AC42C85929BFE17500902F1B /* OSLogger.swift in Sources */,
				AC42C85B29CF66C400902F1B /* AppleMusic.swift in Sources */,
				504EC3081FED79650016851F /* AppDelegate.swift in Sources */,
			);
			runOnlyForDeploymentPostprocessing = 0;
		};
/* End PBXSourcesBuildPhase section */

/* Begin PBXVariantGroup section */
		504EC30B1FED79650016851F /* Main.storyboard */ = {
			isa = PBXVariantGroup;
			children = (
				504EC30C1FED79650016851F /* Base */,
			);
			name = Main.storyboard;
			sourceTree = "<group>";
		};
		504EC3101FED79650016851F /* LaunchScreen.storyboard */ = {
			isa = PBXVariantGroup;
			children = (
				504EC3111FED79650016851F /* Base */,
			);
			name = LaunchScreen.storyboard;
			sourceTree = "<group>";
		};
/* End PBXVariantGroup section */

/* Begin XCBuildConfiguration section */
		504EC3141FED79650016851F /* Debug */ = {
			isa = XCBuildConfiguration;
			buildSettings = {
				ALWAYS_SEARCH_USER_PATHS = NO;
				CLANG_ANALYZER_NONNULL = YES;
				CLANG_ANALYZER_NUMBER_OBJECT_CONVERSION = YES_AGGRESSIVE;
				CLANG_CXX_LANGUAGE_STANDARD = "gnu++14";
				CLANG_CXX_LIBRARY = "libc++";
				CLANG_ENABLE_MODULES = YES;
				CLANG_ENABLE_OBJC_ARC = YES;
				CLANG_WARN_BLOCK_CAPTURE_AUTORELEASING = YES;
				CLANG_WARN_BOOL_CONVERSION = YES;
				CLANG_WARN_COMMA = YES;
				CLANG_WARN_CONSTANT_CONVERSION = YES;
				CLANG_WARN_DIRECT_OBJC_ISA_USAGE = YES_ERROR;
				CLANG_WARN_DOCUMENTATION_COMMENTS = YES;
				CLANG_WARN_EMPTY_BODY = YES;
				CLANG_WARN_ENUM_CONVERSION = YES;
				CLANG_WARN_INFINITE_RECURSION = YES;
				CLANG_WARN_INT_CONVERSION = YES;
				CLANG_WARN_NON_LITERAL_NULL_CONVERSION = YES;
				CLANG_WARN_OBJC_LITERAL_CONVERSION = YES;
				CLANG_WARN_OBJC_ROOT_CLASS = YES_ERROR;
				CLANG_WARN_RANGE_LOOP_ANALYSIS = YES;
				CLANG_WARN_STRICT_PROTOTYPES = YES;
				CLANG_WARN_SUSPICIOUS_MOVE = YES;
				CLANG_WARN_UNGUARDED_AVAILABILITY = YES_AGGRESSIVE;
				CLANG_WARN_UNREACHABLE_CODE = YES;
				CLANG_WARN__DUPLICATE_METHOD_MATCH = YES;
				CODE_SIGN_IDENTITY = "iPhone Developer";
				COPY_PHASE_STRIP = NO;
				DEBUG_INFORMATION_FORMAT = dwarf;
				ENABLE_STRICT_OBJC_MSGSEND = YES;
				ENABLE_TESTABILITY = YES;
				GCC_C_LANGUAGE_STANDARD = gnu11;
				GCC_DYNAMIC_NO_PIC = NO;
				GCC_NO_COMMON_BLOCKS = YES;
				GCC_OPTIMIZATION_LEVEL = 0;
				GCC_PREPROCESSOR_DEFINITIONS = (
					"DEBUG=1",
					"$(inherited)",
				);
				GCC_WARN_64_TO_32_BIT_CONVERSION = YES;
				GCC_WARN_ABOUT_RETURN_TYPE = YES_ERROR;
				GCC_WARN_UNDECLARED_SELECTOR = YES;
				GCC_WARN_UNINITIALIZED_AUTOS = YES_AGGRESSIVE;
				GCC_WARN_UNUSED_FUNCTION = YES;
				GCC_WARN_UNUSED_VARIABLE = YES;
				IPHONEOS_DEPLOYMENT_TARGET = 13.0;
				MTL_ENABLE_DEBUG_INFO = YES;
				ONLY_ACTIVE_ARCH = YES;
				SDKROOT = iphoneos;
				SWIFT_ACTIVE_COMPILATION_CONDITIONS = DEBUG;
				SWIFT_OPTIMIZATION_LEVEL = "-Onone";
			};
			name = Debug;
		};
		504EC3151FED79650016851F /* Release */ = {
			isa = XCBuildConfiguration;
			buildSettings = {
				ALWAYS_SEARCH_USER_PATHS = NO;
				CLANG_ANALYZER_NONNULL = YES;
				CLANG_ANALYZER_NUMBER_OBJECT_CONVERSION = YES_AGGRESSIVE;
				CLANG_CXX_LANGUAGE_STANDARD = "gnu++14";
				CLANG_CXX_LIBRARY = "libc++";
				CLANG_ENABLE_MODULES = YES;
				CLANG_ENABLE_OBJC_ARC = YES;
				CLANG_WARN_BLOCK_CAPTURE_AUTORELEASING = YES;
				CLANG_WARN_BOOL_CONVERSION = YES;
				CLANG_WARN_COMMA = YES;
				CLANG_WARN_CONSTANT_CONVERSION = YES;
				CLANG_WARN_DIRECT_OBJC_ISA_USAGE = YES_ERROR;
				CLANG_WARN_DOCUMENTATION_COMMENTS = YES;
				CLANG_WARN_EMPTY_BODY = YES;
				CLANG_WARN_ENUM_CONVERSION = YES;
				CLANG_WARN_INFINITE_RECURSION = YES;
				CLANG_WARN_INT_CONVERSION = YES;
				CLANG_WARN_NON_LITERAL_NULL_CONVERSION = YES;
				CLANG_WARN_OBJC_LITERAL_CONVERSION = YES;
				CLANG_WARN_OBJC_ROOT_CLASS = YES_ERROR;
				CLANG_WARN_RANGE_LOOP_ANALYSIS = YES;
				CLANG_WARN_STRICT_PROTOTYPES = YES;
				CLANG_WARN_SUSPICIOUS_MOVE = YES;
				CLANG_WARN_UNGUARDED_AVAILABILITY = YES_AGGRESSIVE;
				CLANG_WARN_UNREACHABLE_CODE = YES;
				CLANG_WARN__DUPLICATE_METHOD_MATCH = YES;
				CODE_SIGN_IDENTITY = "iPhone Developer";
				COPY_PHASE_STRIP = NO;
				DEBUG_INFORMATION_FORMAT = "dwarf-with-dsym";
				ENABLE_NS_ASSERTIONS = NO;
				ENABLE_STRICT_OBJC_MSGSEND = YES;
				GCC_C_LANGUAGE_STANDARD = gnu11;
				GCC_NO_COMMON_BLOCKS = YES;
				GCC_WARN_64_TO_32_BIT_CONVERSION = YES;
				GCC_WARN_ABOUT_RETURN_TYPE = YES_ERROR;
				GCC_WARN_UNDECLARED_SELECTOR = YES;
				GCC_WARN_UNINITIALIZED_AUTOS = YES_AGGRESSIVE;
				GCC_WARN_UNUSED_FUNCTION = YES;
				GCC_WARN_UNUSED_VARIABLE = YES;
				IPHONEOS_DEPLOYMENT_TARGET = 13.0;
				MTL_ENABLE_DEBUG_INFO = NO;
				SDKROOT = iphoneos;
				SWIFT_COMPILATION_MODE = wholemodule;
				SWIFT_OPTIMIZATION_LEVEL = "-O";
				VALIDATE_PRODUCT = YES;
			};
			name = Release;
		};
		504EC3171FED79650016851F /* Debug */ = {
			isa = XCBuildConfiguration;
			baseConfigurationReference = EAB817ED6E6DF2FE3FE62D41 /* Pods-FriendsFM.debug.xcconfig */;
			buildSettings = {
				ASSETCATALOG_COMPILER_APPICON_NAME = AppIcon;
				CLANG_ENABLE_MODULES = YES;
				CODE_SIGN_ENTITLEMENTS = App/App.entitlements;
				CODE_SIGN_STYLE = Automatic;
				CURRENT_PROJECT_VERSION = 2;
				DEBUG_INFORMATION_FORMAT = "dwarf-with-dsym";
				DEVELOPMENT_TEAM = JRFJNGK42W;
				INFOPLIST_FILE = App/Info.plist;
				INFOPLIST_KEY_CFBundleDisplayName = FriendsFM;
				INFOPLIST_KEY_LSApplicationCategoryType = "public.app-category.social-networking";
				IPHONEOS_DEPLOYMENT_TARGET = 16.0;
				LD_RUNPATH_SEARCH_PATHS = (
					"$(inherited)",
					"@executable_path/Frameworks",
				);
				MARKETING_VERSION = ;
				OTHER_SWIFT_FLAGS = "$(inherited) \"-D\" \"COCOAPODS\" \"-DDEBUG\"";
				PRODUCT_BUNDLE_IDENTIFIER = xyz.mogdan.friendsfm;
				PRODUCT_NAME = "$(TARGET_NAME)";
				SWIFT_ACTIVE_COMPILATION_CONDITIONS = DEBUG;
				SWIFT_OBJC_BRIDGING_HEADER = "App/FriendsFM-Bridging-Header.h";
				SWIFT_OPTIMIZATION_LEVEL = "-Onone";
				SWIFT_VERSION = 5.0;
				TARGETED_DEVICE_FAMILY = "1,2";
			};
			name = Debug;
		};
		504EC3181FED79650016851F /* Release */ = {
			isa = XCBuildConfiguration;
			baseConfigurationReference = EC8053EE096359D92D45450A /* Pods-FriendsFM.release.xcconfig */;
			buildSettings = {
				ASSETCATALOG_COMPILER_APPICON_NAME = AppIcon;
				CLANG_ENABLE_MODULES = YES;
				CODE_SIGN_ENTITLEMENTS = App/App.entitlements;
				CODE_SIGN_STYLE = Automatic;
				CURRENT_PROJECT_VERSION = 2;
				DEVELOPMENT_TEAM = JRFJNGK42W;
				INFOPLIST_FILE = App/Info.plist;
				INFOPLIST_KEY_CFBundleDisplayName = FriendsFM;
				INFOPLIST_KEY_LSApplicationCategoryType = "public.app-category.social-networking";
				IPHONEOS_DEPLOYMENT_TARGET = 16.0;
				LD_RUNPATH_SEARCH_PATHS = (
					"$(inherited)",
					"@executable_path/Frameworks",
				);
				MARKETING_VERSION = ;
				PRODUCT_BUNDLE_IDENTIFIER = xyz.mogdan.friendsfm;
				PRODUCT_NAME = "$(TARGET_NAME)";
				SWIFT_ACTIVE_COMPILATION_CONDITIONS = "";
				SWIFT_OBJC_BRIDGING_HEADER = "App/FriendsFM-Bridging-Header.h";
				SWIFT_VERSION = 5.0;
				TARGETED_DEVICE_FAMILY = "1,2";
			};
			name = Release;
		};
/* End XCBuildConfiguration section */

/* Begin XCConfigurationList section */
		504EC2FF1FED79650016851F /* Build configuration list for PBXProject "App" */ = {
			isa = XCConfigurationList;
			buildConfigurations = (
				504EC3141FED79650016851F /* Debug */,
				504EC3151FED79650016851F /* Release */,
			);
			defaultConfigurationIsVisible = 0;
			defaultConfigurationName = Release;
		};
		504EC3161FED79650016851F /* Build configuration list for PBXNativeTarget "FriendsFM" */ = {
			isa = XCConfigurationList;
			buildConfigurations = (
				504EC3171FED79650016851F /* Debug */,
				504EC3181FED79650016851F /* Release */,
			);
			defaultConfigurationIsVisible = 0;
			defaultConfigurationName = Release;
		};
/* End XCConfigurationList section */

/* Begin XCRemoteSwiftPackageReference section */
		ACF1F4282A687B0A009AC3A9 /* XCRemoteSwiftPackageReference "firebase-ios-sdk" */ = {
			isa = XCRemoteSwiftPackageReference;
			repositoryURL = "https://github.com/firebase/firebase-ios-sdk";
			requirement = {
				kind = upToNextMinorVersion;
				minimumVersion = 10.12.0;
			};
		};
/* End XCRemoteSwiftPackageReference section */

/* Begin XCSwiftPackageProductDependency section */
		ACF1F4292A687B0A009AC3A9 /* FirebaseAnalytics */ = {
			isa = XCSwiftPackageProductDependency;
			package = ACF1F4282A687B0A009AC3A9 /* XCRemoteSwiftPackageReference "firebase-ios-sdk" */;
			productName = FirebaseAnalytics;
		};
		ACF1F42B2A687B0A009AC3A9 /* FirebaseAnalyticsOnDeviceConversion */ = {
			isa = XCSwiftPackageProductDependency;
			package = ACF1F4282A687B0A009AC3A9 /* XCRemoteSwiftPackageReference "firebase-ios-sdk" */;
			productName = FirebaseAnalyticsOnDeviceConversion;
		};
		ACF1F42D2A687B0A009AC3A9 /* FirebaseAnalyticsSwift */ = {
			isa = XCSwiftPackageProductDependency;
			package = ACF1F4282A687B0A009AC3A9 /* XCRemoteSwiftPackageReference "firebase-ios-sdk" */;
			productName = FirebaseAnalyticsSwift;
		};
		ACF1F42F2A687B0A009AC3A9 /* FirebaseAnalyticsWithoutAdIdSupport */ = {
			isa = XCSwiftPackageProductDependency;
			package = ACF1F4282A687B0A009AC3A9 /* XCRemoteSwiftPackageReference "firebase-ios-sdk" */;
			productName = FirebaseAnalyticsWithoutAdIdSupport;
		};
		ACF1F4312A687B0A009AC3A9 /* FirebaseAppCheck */ = {
			isa = XCSwiftPackageProductDependency;
			package = ACF1F4282A687B0A009AC3A9 /* XCRemoteSwiftPackageReference "firebase-ios-sdk" */;
			productName = FirebaseAppCheck;
		};
		ACF1F4332A687B0A009AC3A9 /* FirebaseAppDistribution-Beta */ = {
			isa = XCSwiftPackageProductDependency;
			package = ACF1F4282A687B0A009AC3A9 /* XCRemoteSwiftPackageReference "firebase-ios-sdk" */;
			productName = "FirebaseAppDistribution-Beta";
		};
		ACF1F4352A687B0A009AC3A9 /* FirebaseAuth */ = {
			isa = XCSwiftPackageProductDependency;
			package = ACF1F4282A687B0A009AC3A9 /* XCRemoteSwiftPackageReference "firebase-ios-sdk" */;
			productName = FirebaseAuth;
		};
		ACF1F4372A687B0A009AC3A9 /* FirebaseAuthCombine-Community */ = {
			isa = XCSwiftPackageProductDependency;
			package = ACF1F4282A687B0A009AC3A9 /* XCRemoteSwiftPackageReference "firebase-ios-sdk" */;
			productName = "FirebaseAuthCombine-Community";
		};
		ACF1F4392A687B0A009AC3A9 /* FirebaseCrashlytics */ = {
			isa = XCSwiftPackageProductDependency;
			package = ACF1F4282A687B0A009AC3A9 /* XCRemoteSwiftPackageReference "firebase-ios-sdk" */;
			productName = FirebaseCrashlytics;
		};
		ACF1F43B2A687B0A009AC3A9 /* FirebaseDatabase */ = {
			isa = XCSwiftPackageProductDependency;
			package = ACF1F4282A687B0A009AC3A9 /* XCRemoteSwiftPackageReference "firebase-ios-sdk" */;
			productName = FirebaseDatabase;
		};
		ACF1F43D2A687B0A009AC3A9 /* FirebaseDatabaseSwift */ = {
			isa = XCSwiftPackageProductDependency;
			package = ACF1F4282A687B0A009AC3A9 /* XCRemoteSwiftPackageReference "firebase-ios-sdk" */;
			productName = FirebaseDatabaseSwift;
		};
		ACF1F43F2A687B0A009AC3A9 /* FirebaseDynamicLinks */ = {
			isa = XCSwiftPackageProductDependency;
			package = ACF1F4282A687B0A009AC3A9 /* XCRemoteSwiftPackageReference "firebase-ios-sdk" */;
			productName = FirebaseDynamicLinks;
		};
		ACF1F4412A687B0A009AC3A9 /* FirebaseFirestore */ = {
			isa = XCSwiftPackageProductDependency;
			package = ACF1F4282A687B0A009AC3A9 /* XCRemoteSwiftPackageReference "firebase-ios-sdk" */;
			productName = FirebaseFirestore;
		};
		ACF1F4432A687B0A009AC3A9 /* FirebaseFirestoreCombine-Community */ = {
			isa = XCSwiftPackageProductDependency;
			package = ACF1F4282A687B0A009AC3A9 /* XCRemoteSwiftPackageReference "firebase-ios-sdk" */;
			productName = "FirebaseFirestoreCombine-Community";
		};
		ACF1F4452A687B0A009AC3A9 /* FirebaseFirestoreSwift */ = {
			isa = XCSwiftPackageProductDependency;
			package = ACF1F4282A687B0A009AC3A9 /* XCRemoteSwiftPackageReference "firebase-ios-sdk" */;
			productName = FirebaseFirestoreSwift;
		};
		ACF1F4472A687B0A009AC3A9 /* FirebaseFunctions */ = {
			isa = XCSwiftPackageProductDependency;
			package = ACF1F4282A687B0A009AC3A9 /* XCRemoteSwiftPackageReference "firebase-ios-sdk" */;
			productName = FirebaseFunctions;
		};
		ACF1F4492A687B0A009AC3A9 /* FirebaseFunctionsCombine-Community */ = {
			isa = XCSwiftPackageProductDependency;
			package = ACF1F4282A687B0A009AC3A9 /* XCRemoteSwiftPackageReference "firebase-ios-sdk" */;
			productName = "FirebaseFunctionsCombine-Community";
		};
		ACF1F44B2A687B0A009AC3A9 /* FirebaseInAppMessaging-Beta */ = {
			isa = XCSwiftPackageProductDependency;
			package = ACF1F4282A687B0A009AC3A9 /* XCRemoteSwiftPackageReference "firebase-ios-sdk" */;
			productName = "FirebaseInAppMessaging-Beta";
		};
		ACF1F44D2A687B0A009AC3A9 /* FirebaseInAppMessagingSwift-Beta */ = {
			isa = XCSwiftPackageProductDependency;
			package = ACF1F4282A687B0A009AC3A9 /* XCRemoteSwiftPackageReference "firebase-ios-sdk" */;
			productName = "FirebaseInAppMessagingSwift-Beta";
		};
		ACF1F44F2A687B0A009AC3A9 /* FirebaseInstallations */ = {
			isa = XCSwiftPackageProductDependency;
			package = ACF1F4282A687B0A009AC3A9 /* XCRemoteSwiftPackageReference "firebase-ios-sdk" */;
			productName = FirebaseInstallations;
		};
		ACF1F4512A687B0A009AC3A9 /* FirebaseMLModelDownloader */ = {
			isa = XCSwiftPackageProductDependency;
			package = ACF1F4282A687B0A009AC3A9 /* XCRemoteSwiftPackageReference "firebase-ios-sdk" */;
			productName = FirebaseMLModelDownloader;
		};
		ACF1F4532A687B0A009AC3A9 /* FirebaseMessaging */ = {
			isa = XCSwiftPackageProductDependency;
			package = ACF1F4282A687B0A009AC3A9 /* XCRemoteSwiftPackageReference "firebase-ios-sdk" */;
			productName = FirebaseMessaging;
		};
		ACF1F4552A687B0A009AC3A9 /* FirebasePerformance */ = {
			isa = XCSwiftPackageProductDependency;
			package = ACF1F4282A687B0A009AC3A9 /* XCRemoteSwiftPackageReference "firebase-ios-sdk" */;
			productName = FirebasePerformance;
		};
		ACF1F4572A687B0A009AC3A9 /* FirebaseRemoteConfig */ = {
			isa = XCSwiftPackageProductDependency;
			package = ACF1F4282A687B0A009AC3A9 /* XCRemoteSwiftPackageReference "firebase-ios-sdk" */;
			productName = FirebaseRemoteConfig;
		};
		ACF1F4592A687B0A009AC3A9 /* FirebaseRemoteConfigSwift */ = {
			isa = XCSwiftPackageProductDependency;
			package = ACF1F4282A687B0A009AC3A9 /* XCRemoteSwiftPackageReference "firebase-ios-sdk" */;
			productName = FirebaseRemoteConfigSwift;
		};
		ACF1F45B2A687B0A009AC3A9 /* FirebaseStorage */ = {
			isa = XCSwiftPackageProductDependency;
			package = ACF1F4282A687B0A009AC3A9 /* XCRemoteSwiftPackageReference "firebase-ios-sdk" */;
			productName = FirebaseStorage;
		};
		ACF1F45D2A687B0A009AC3A9 /* FirebaseStorageCombine-Community */ = {
			isa = XCSwiftPackageProductDependency;
			package = ACF1F4282A687B0A009AC3A9 /* XCRemoteSwiftPackageReference "firebase-ios-sdk" */;
			productName = "FirebaseStorageCombine-Community";
		};
/* End XCSwiftPackageProductDependency section */
	};
	rootObject = 504EC2FC1FED79650016851F /* Project object */;
}
