PODS:
  - AppAuth (1.6.2):
    - AppAuth/Core (= 1.6.2)
    - AppAuth/ExternalUserAgent (= 1.6.2)
  - AppAuth/Core (1.6.2)
  - AppAuth/ExternalUserAgent (1.6.2):
    - AppAuth/Core
  - Capacitor (5.6.0):
    - CapacitorCordova
  - CapacitorApp (5.0.7):
    - Capacitor
  - CapacitorBrowser (5.2.0):
    - Capacitor
  - CapacitorClipboard (5.0.7):
    - Capacitor
  - CapacitorCordova (5.6.0)
  - CapacitorDevice (5.0.7):
    - Capacitor
  - CapacitorDialog (5.0.7):
    - Capacitor
  - CapacitorFirebaseAnalytics (5.4.0):
    - Capacitor
    - CapacitorFirebaseAnalytics/Lite (= 5.4.0)
  - CapacitorFirebaseAnalytics/Analytics (5.4.0):
    - Capacitor
    - FirebaseAnalytics (~> 10.8)
  - CapacitorFirebaseAnalytics/Lite (5.4.0):
    - Capacitor
  - CapacitorFirebaseAppCheck (5.4.0):
    - Capacitor
    - FirebaseAppCheck (~> 10.8)
  - CapacitorFirebaseAuthentication (5.4.0):
    - Capacitor
    - CapacitorFirebaseAuthentication/Lite (= 5.4.0)
    - FirebaseAuth (~> 10.8)
  - CapacitorFirebaseAuthentication/Google (5.4.0):
    - Capacitor
    - FirebaseAuth (~> 10.8)
    - GoogleSignIn (= 7.0.0)
  - CapacitorFirebaseAuthentication/Lite (5.4.0):
    - Capacitor
    - FirebaseAuth (~> 10.8)
  - CapacitorFirebaseCrashlytics (5.4.0):
    - Capacitor
    - FirebaseCrashlytics (~> 10.8)
  - CapacitorFirebaseMessaging (5.4.0):
    - Capacitor
    - FirebaseMessaging (~> 10.8)
  - CapacitorGeolocation (5.0.7):
    - Capacitor
  - CapacitorKeyboard (5.0.8):
    - Capacitor
  - CapacitorNativeSettings (5.0.1):
    - Capacitor
  - CapacitorPluginSafeArea (2.0.6):
    - Capacitor
  - CapacitorPreferences (5.0.7):
    - Capacitor
  - CapacitorShare (5.0.7):
    - Capacitor
  - CapacitorSplashScreen (5.0.7):
    - Capacitor
  - CapacitorStatusBar (5.0.7):
    - Capacitor
  - CapgoNativegeocoder (1.0.20):
    - Capacitor
  - Firebase (10.8.0):
    - Firebase/Core (= 10.8.0)
  - Firebase/Core (10.8.0):
    - Firebase/CoreOnly
    - FirebaseAnalytics (~> 10.8.0)
  - Firebase/CoreOnly (10.8.0):
    - FirebaseCore (= 10.8.0)
  - FirebaseABTesting (10.12.0):
    - FirebaseCore (~> 10.0)
  - FirebaseAnalytics (10.8.0):
    - FirebaseAnalytics/AdIdSupport (= 10.8.0)
    - FirebaseCore (~> 10.0)
    - FirebaseInstallations (~> 10.0)
    - GoogleUtilities/AppDelegateSwizzler (~> 7.8)
    - GoogleUtilities/MethodSwizzler (~> 7.8)
    - GoogleUtilities/Network (~> 7.8)
    - "GoogleUtilities/NSData+zlib (~> 7.8)"
    - nanopb (< 2.30910.0, >= 2.30908.0)
  - FirebaseAnalytics/AdIdSupport (10.8.0):
    - FirebaseCore (~> 10.0)
    - FirebaseInstallations (~> 10.0)
    - GoogleAppMeasurement (= 10.8.0)
    - GoogleUtilities/AppDelegateSwizzler (~> 7.8)
    - GoogleUtilities/MethodSwizzler (~> 7.8)
    - GoogleUtilities/Network (~> 7.8)
    - "GoogleUtilities/NSData+zlib (~> 7.8)"
    - nanopb (< 2.30910.0, >= 2.30908.0)
  - FirebaseAppCheck (10.8.0):
    - FirebaseCore (~> 10.0)
    - GoogleUtilities/Environment (~> 7.8)
    - PromisesObjC (~> 2.1)
  - FirebaseAppCheckInterop (10.12.0)
  - FirebaseAuth (10.8.0):
    - FirebaseAppCheckInterop (~> 10.0)
    - FirebaseCore (~> 10.0)
    - GoogleUtilities/AppDelegateSwizzler (~> 7.8)
    - GoogleUtilities/Environment (~> 7.8)
    - GTMSessionFetcher/Core (< 4.0, >= 2.1)
  - FirebaseCore (10.8.0):
    - FirebaseCoreInternal (~> 10.0)
    - GoogleUtilities/Environment (~> 7.8)
    - GoogleUtilities/Logger (~> 7.8)
  - FirebaseCoreExtension (10.12.0):
    - FirebaseCore (~> 10.0)
  - FirebaseCoreInternal (10.12.0):
    - "GoogleUtilities/NSData+zlib (~> 7.8)"
  - FirebaseCrashlytics (10.8.0):
    - FirebaseCore (~> 10.5)
    - FirebaseInstallations (~> 10.0)
    - FirebaseSessions (~> 10.5)
    - GoogleDataTransport (~> 9.2)
    - GoogleUtilities/Environment (~> 7.8)
    - nanopb (< 2.30910.0, >= 2.30908.0)
    - PromisesObjC (~> 2.1)
  - FirebaseDynamicLinks (10.12.0):
    - FirebaseCore (~> 10.0)
  - FirebaseInstallations (10.12.0):
    - FirebaseCore (~> 10.0)
    - GoogleUtilities/Environment (~> 7.8)
    - GoogleUtilities/UserDefaults (~> 7.8)
    - PromisesObjC (~> 2.1)
  - FirebaseMessaging (10.8.0):
    - FirebaseCore (~> 10.0)
    - FirebaseInstallations (~> 10.0)
    - GoogleDataTransport (~> 9.2)
    - GoogleUtilities/AppDelegateSwizzler (~> 7.8)
    - GoogleUtilities/Environment (~> 7.8)
    - GoogleUtilities/Reachability (~> 7.8)
    - GoogleUtilities/UserDefaults (~> 7.8)
    - nanopb (< 2.30910.0, >= 2.30908.0)
  - FirebasePerformance (10.12.0):
    - FirebaseCore (~> 10.5)
    - FirebaseInstallations (~> 10.0)
    - FirebaseRemoteConfig (~> 10.0)
    - FirebaseSessions (~> 10.5)
    - GoogleDataTransport (~> 9.2)
    - GoogleUtilities/Environment (~> 7.8)
    - GoogleUtilities/ISASwizzler (~> 7.8)
    - GoogleUtilities/MethodSwizzler (~> 7.8)
    - nanopb (< 2.30910.0, >= 2.30908.0)
  - FirebaseRemoteConfig (10.12.0):
    - FirebaseABTesting (~> 10.0)
    - FirebaseCore (~> 10.0)
    - FirebaseInstallations (~> 10.0)
    - GoogleUtilities/Environment (~> 7.8)
    - "GoogleUtilities/NSData+zlib (~> 7.8)"
  - FirebaseSessions (10.12.0):
    - FirebaseCore (~> 10.5)
    - FirebaseCoreExtension (~> 10.0)
    - FirebaseInstallations (~> 10.0)
    - GoogleDataTransport (~> 9.2)
    - GoogleUtilities/Environment (~> 7.10)
    - nanopb (< 2.30910.0, >= 2.30908.0)
    - PromisesSwift (~> 2.1)
  - GoogleAppMeasurement (10.8.0):
    - GoogleAppMeasurement/AdIdSupport (= 10.8.0)
    - GoogleUtilities/AppDelegateSwizzler (~> 7.8)
    - GoogleUtilities/MethodSwizzler (~> 7.8)
    - GoogleUtilities/Network (~> 7.8)
    - "GoogleUtilities/NSData+zlib (~> 7.8)"
    - nanopb (< 2.30910.0, >= 2.30908.0)
  - GoogleAppMeasurement/AdIdSupport (10.8.0):
    - GoogleAppMeasurement/WithoutAdIdSupport (= 10.8.0)
    - GoogleUtilities/AppDelegateSwizzler (~> 7.8)
    - GoogleUtilities/MethodSwizzler (~> 7.8)
    - GoogleUtilities/Network (~> 7.8)
    - "GoogleUtilities/NSData+zlib (~> 7.8)"
    - nanopb (< 2.30910.0, >= 2.30908.0)
  - GoogleAppMeasurement/WithoutAdIdSupport (10.8.0):
    - GoogleUtilities/AppDelegateSwizzler (~> 7.8)
    - GoogleUtilities/MethodSwizzler (~> 7.8)
    - GoogleUtilities/Network (~> 7.8)
    - "GoogleUtilities/NSData+zlib (~> 7.8)"
    - nanopb (< 2.30910.0, >= 2.30908.0)
  - GoogleDataTransport (9.2.3):
    - GoogleUtilities/Environment (~> 7.7)
    - nanopb (< 2.30910.0, >= 2.30908.0)
    - PromisesObjC (< 3.0, >= 1.2)
  - GoogleSignIn (7.0.0):
    - AppAuth (~> 1.5)
    - GTMAppAuth (< 3.0, >= 1.3)
    - GTMSessionFetcher/Core (< 4.0, >= 1.1)
  - GoogleUtilities/AppDelegateSwizzler (7.11.4):
    - GoogleUtilities/Environment
    - GoogleUtilities/Logger
    - GoogleUtilities/Network
  - GoogleUtilities/Environment (7.11.4):
    - PromisesObjC (< 3.0, >= 1.2)
  - GoogleUtilities/ISASwizzler (7.11.4)
  - GoogleUtilities/Logger (7.11.4):
    - GoogleUtilities/Environment
  - GoogleUtilities/MethodSwizzler (7.11.4):
    - GoogleUtilities/Logger
  - GoogleUtilities/Network (7.11.4):
    - GoogleUtilities/Logger
    - "GoogleUtilities/NSData+zlib"
    - GoogleUtilities/Reachability
  - "GoogleUtilities/NSData+zlib (7.11.4)"
  - GoogleUtilities/Reachability (7.11.4):
    - GoogleUtilities/Logger
  - GoogleUtilities/UserDefaults (7.11.4):
    - GoogleUtilities/Logger
  - GTMAppAuth (2.0.0):
    - AppAuth/Core (~> 1.6)
    - GTMSessionFetcher/Core (< 4.0, >= 1.5)
  - GTMSessionFetcher/Core (3.1.1)
  - nanopb (2.30909.0):
    - nanopb/decode (= 2.30909.0)
    - nanopb/encode (= 2.30909.0)
  - nanopb/decode (2.30909.0)
  - nanopb/encode (2.30909.0)
  - PromisesObjC (2.2.0)
  - PromisesSwift (2.2.0):
    - PromisesObjC (= 2.2.0)
  - Sentry/HybridSDK (8.18.0):
    - SentryPrivate (= 8.18.0)
  - SentryCapacitor (0.15.1):
    - Capacitor
    - Sentry/HybridSDK (= 8.18.0)
  - SentryPrivate (8.18.0)

DEPENDENCIES:
  - "Capacitor (from `../../node_modules/@capacitor/ios`)"
  - "CapacitorApp (from `../../node_modules/@capacitor/app`)"
  - "CapacitorBrowser (from `../../node_modules/@capacitor/browser`)"
  - "CapacitorClipboard (from `../../node_modules/@capacitor/clipboard`)"
  - "CapacitorCordova (from `../../node_modules/@capacitor/ios`)"
  - "CapacitorDevice (from `../../node_modules/@capacitor/device`)"
  - "CapacitorDialog (from `../../node_modules/@capacitor/dialog`)"
  - "CapacitorFirebaseAnalytics (from `../../node_modules/@capacitor-firebase/analytics`)"
  - "CapacitorFirebaseAnalytics/Analytics (from `../../node_modules/@capacitor-firebase/analytics`)"
  - "CapacitorFirebaseAppCheck (from `../../node_modules/@capacitor-firebase/app-check`)"
  - "CapacitorFirebaseAuthentication (from `../../node_modules/@capacitor-firebase/authentication`)"
  - "CapacitorFirebaseAuthentication/Google (from `../../node_modules/@capacitor-firebase/authentication`)"
  - "CapacitorFirebaseCrashlytics (from `../../node_modules/@capacitor-firebase/crashlytics`)"
  - "CapacitorFirebaseMessaging (from `../../node_modules/@capacitor-firebase/messaging`)"
  - "CapacitorGeolocation (from `../../node_modules/@capacitor/geolocation`)"
  - "CapacitorKeyboard (from `../../node_modules/@capacitor/keyboard`)"
  - CapacitorNativeSettings (from `../../node_modules/capacitor-native-settings`)
  - CapacitorPluginSafeArea (from `../../node_modules/capacitor-plugin-safe-area`)
  - "CapacitorPreferences (from `../../node_modules/@capacitor/preferences`)"
  - "CapacitorShare (from `../../node_modules/@capacitor/share`)"
  - "CapacitorSplashScreen (from `../../node_modules/@capacitor/splash-screen`)"
  - "CapacitorStatusBar (from `../../node_modules/@capacitor/status-bar`)"
  - "CapgoNativegeocoder (from `../../node_modules/@capgo/nativegeocoder`)"
  - Firebase
  - FirebaseAnalytics
  - FirebaseAppCheck
  - FirebaseAuth
  - FirebaseCore
  - FirebaseCrashlytics
  - FirebaseDynamicLinks
  - FirebaseMessaging
  - FirebasePerformance
  - "SentryCapacitor (from `../../node_modules/@sentry/capacitor`)"

SPEC REPOS:
  trunk:
    - AppAuth
    - Firebase
    - FirebaseABTesting
    - FirebaseAnalytics
    - FirebaseAppCheck
    - FirebaseAppCheckInterop
    - FirebaseAuth
    - FirebaseCore
    - FirebaseCoreExtension
    - FirebaseCoreInternal
    - FirebaseCrashlytics
    - FirebaseDynamicLinks
    - FirebaseInstallations
    - FirebaseMessaging
    - FirebasePerformance
    - FirebaseRemoteConfig
    - FirebaseSessions
    - GoogleAppMeasurement
    - GoogleDataTransport
    - GoogleSignIn
    - GoogleUtilities
    - GTMAppAuth
    - GTMSessionFetcher
    - nanopb
    - PromisesObjC
    - PromisesSwift
    - Sentry
    - SentryPrivate

EXTERNAL SOURCES:
  Capacitor:
    :path: "../../node_modules/@capacitor/ios"
  CapacitorApp:
    :path: "../../node_modules/@capacitor/app"
  CapacitorBrowser:
    :path: "../../node_modules/@capacitor/browser"
  CapacitorClipboard:
    :path: "../../node_modules/@capacitor/clipboard"
  CapacitorCordova:
    :path: "../../node_modules/@capacitor/ios"
  CapacitorDevice:
    :path: "../../node_modules/@capacitor/device"
  CapacitorDialog:
    :path: "../../node_modules/@capacitor/dialog"
  CapacitorFirebaseAnalytics:
    :path: "../../node_modules/@capacitor-firebase/analytics"
  CapacitorFirebaseAppCheck:
    :path: "../../node_modules/@capacitor-firebase/app-check"
  CapacitorFirebaseAuthentication:
    :path: "../../node_modules/@capacitor-firebase/authentication"
  CapacitorFirebaseCrashlytics:
    :path: "../../node_modules/@capacitor-firebase/crashlytics"
  CapacitorFirebaseMessaging:
    :path: "../../node_modules/@capacitor-firebase/messaging"
  CapacitorGeolocation:
    :path: "../../node_modules/@capacitor/geolocation"
  CapacitorKeyboard:
    :path: "../../node_modules/@capacitor/keyboard"
  CapacitorNativeSettings:
    :path: "../../node_modules/capacitor-native-settings"
  CapacitorPluginSafeArea:
    :path: "../../node_modules/capacitor-plugin-safe-area"
  CapacitorPreferences:
    :path: "../../node_modules/@capacitor/preferences"
  CapacitorShare:
    :path: "../../node_modules/@capacitor/share"
  CapacitorSplashScreen:
    :path: "../../node_modules/@capacitor/splash-screen"
  CapacitorStatusBar:
    :path: "../../node_modules/@capacitor/status-bar"
  CapgoNativegeocoder:
    :path: "../../node_modules/@capgo/nativegeocoder"
  SentryCapacitor:
    :path: "../../node_modules/@sentry/capacitor"

SPEC CHECKSUMS:
  AppAuth: 3bb1d1cd9340bd09f5ed189fb00b1cc28e1e8570
  Capacitor: ebfc16cdb8116d04c101686b080342872da42d43
  CapacitorApp: 17fecd0e6cb23feafac7eb0939417389038b0979
  CapacitorBrowser: a6deae9e5bf87f62b62a753cff7992c5def9e771
  CapacitorClipboard: 45e5e25f2271f98712985d422776cdc5a779cca1
  CapacitorCordova: 931b48fcdbc9bc985fc2f16cec9f77c794a27729
  CapacitorDevice: fc91bdb484dc0e70755e9b621cd557afe642613a
  CapacitorDialog: ea1beaccb7f825191aa18b72cba8981b881b3b2d
  CapacitorFirebaseAnalytics: 7f6190fba37be5997caedaac402f76be2f740e39
  CapacitorFirebaseAppCheck: 33df3ec806a230b40b34e27ab9dcd81052edb6b1
  CapacitorFirebaseAuthentication: 64eaf9727b8f29f84069595ddc239c8e5365f49a
  CapacitorFirebaseCrashlytics: d0a9e0408cd3ef56c7f9eb56e23808a8e726e973
  CapacitorFirebaseMessaging: e10400f4306d67738057ced4e622f35a463ae3d8
  CapacitorGeolocation: 918a292459542bcce98433f9e7c7909f8c72838a
  CapacitorKeyboard: aec619a578235c6ce279075009a2689c2cf5c42c
  CapacitorNativeSettings: 6e94ed3c0465206756f320df18efc52f053ce3c7
  CapacitorPluginSafeArea: d55e4d4e70c98f611240f11dd80561438d0d70cb
  CapacitorPreferences: 77ac427e98db83bace772455f8ba447430382c4c
  CapacitorShare: c6a1ebbf0114ff9e863b966cd6052678fa25d480
  CapacitorSplashScreen: dd3de3f3644710fa2a697cfb91ec262eece4d242
  CapacitorStatusBar: f390fbb49b82ffb754ea4b3cf71dc8b048baf3e7
  CapgoNativegeocoder: 25db7bd5770306e80968da512c30f8caf54c25c9
  Firebase: b49ef44e5ec9a3d0c1f6450f410337e97872279c
  FirebaseABTesting: 09c328e6a86d562b4e1146c8a9073deadc566b77
  FirebaseAnalytics: e1fc758bd5d71823bba970c076abee4b2450a5f4
  FirebaseAppCheck: 8bde2c5f393518ab98290151188bf196b4bab91e
  FirebaseAppCheckInterop: f95a4feb9089867aff1a4bdc2ce309137e07736a
  FirebaseAuth: 28e6fff787467cd15ab51c8c7aa904003b2f57aa
  FirebaseCore: e78636a990b54be427ce300aa09a0e359f4e0e87
  FirebaseCoreExtension: 0ce5ac36042001cfa233ce7bfa28e5c313cf80f4
  FirebaseCoreInternal: 950500ad8a08963657f6d8c67b579740c06d6aa1
  FirebaseCrashlytics: 24f41a26d1a90767278a27bef3ea9ae6d80c7016
  FirebaseDynamicLinks: 1a387da899779e5ef34f4d6f8bdba882f90d0e67
  FirebaseInstallations: 7b99ef103f013624444c614397038219c45f8e63
  FirebaseMessaging: 16c395d01ecd269357c5b86abe662851fff98236
  FirebasePerformance: 1a63c51c9d14fc1190b0970d5aab96672cb0bce6
  FirebaseRemoteConfig: bc7f260e6596956fafbb532443c19bd3c30f5258
  FirebaseSessions: a4ee211eeb31a2224cd8d9d4e30a0fccde9aa00c
  GoogleAppMeasurement: 0ba93018e916f7badf915c2337d43cc1fa96b3f9
  GoogleDataTransport: f0308f5905a745f94fb91fea9c6cbaf3831cb1bd
  GoogleSignIn: b232380cf495a429b8095d3178a8d5855b42e842
  GoogleUtilities: c63691989bf362ba0505507da00eeb326192e83e
  GTMAppAuth: 99fb010047ba3973b7026e45393f51f27ab965ae
  GTMSessionFetcher: e8647203b65cee28c5f73d0f473d096653945e72
  nanopb: b552cce312b6c8484180ef47159bc0f65a1f0431
  PromisesObjC: 09985d6d70fbe7878040aa746d78236e6946d2ef
  PromisesSwift: cf9eb58666a43bbe007302226e510b16c1e10959
  Sentry: 8984a4ffb2b9bd2894d74fb36e6f5833865bc18e
  SentryCapacitor: 5c27da09956d89b0ba715071f6a37c137d9aea50
  SentryPrivate: 2f0c9ba4c3fc993f70eab6ca95673509561e0085

PODFILE CHECKSUM: eec09a25cbf7d6cc0d1f09c7ed7808a835874ddc

COCOAPODS: 1.15.2
